# @generated by Move, please check-in and do not edit manually.

[move]
version = 3
manifest_digest = "A8EBD63DD05E5860476AA1E0949230B9B1DD6CE007632F1CD9E21AED3F31E7E4"
deps_digest = "F8BBB0CCB2491CA29A3DF03D6F92277A4F3574266507ACD77214D37ECA3F3082"
dependencies = [
  { id = "Sui", name = "Sui" },
]

[[move.package]]
id = "MoveStdlib"
source = { git = "https://github.com/MystenLabs/sui.git", rev = "framework/testnet", subdir = "crates/sui-framework/packages/move-stdlib" }

[[move.package]]
id = "Sui"
source = { git = "https://github.com/MystenLabs/sui.git", rev = "framework/testnet", subdir = "crates/sui-framework/packages/sui-framework" }

dependencies = [
  { id = "MoveStdlib", name = "MoveStdlib" },
]

[move.toolchain-version]
compiler-version = "1.36.2"
edition = "2024.beta"
flavor = "sui"

[env]

[env.test]
chain-id = "4c78adac"
original-published-id = "0x0688d228d71ac725d9f308fa6be32d014df2a6756394bf950783c603723ada55"
latest-published-id = "0x0688d228d71ac725d9f308fa6be32d014df2a6756394bf950783c603723ada55"
published-version = "1"
