# @generated by Move, please check-in and do not edit manually.

[move]
version = 3
manifest_digest = "FAD05F4363FCC907775A761DB192877239107FCADB8A3E8CC71B7CCD09EB562A"
deps_digest = "3C4103934B1E040BB6B23F1D610B4EF9F2F1166A50A104EADCF77467C004C600"
dependencies = [
  { id = "Sui", name = "Sui" },
  { id = "snttoken", name = "snttoken" },
]

[[move.package]]
id = "MoveStdlib"
source = { git = "https://github.com/MystenLabs/sui.git", rev = "framework/testnet", subdir = "crates/sui-framework/packages/move-stdlib" }

[[move.package]]
id = "Sui"
source = { git = "https://github.com/MystenLabs/sui.git", rev = "framework/testnet", subdir = "crates/sui-framework/packages/sui-framework" }

dependencies = [
  { id = "MoveStdlib", name = "MoveStdlib" },
]

[[move.package]]
id = "snttoken"
source = { local = "../snttoken" }

dependencies = [
  { id = "Sui", name = "Sui" },
]

[move.toolchain-version]
compiler-version = "1.36.2"
edition = "2024.beta"
flavor = "sui"

[env]

[env.test]
chain-id = "4c78adac"
original-published-id = "0xae782d4950e83387913fae44fc807ce47c4571949e4821eb81427f38e2758a9a"
latest-published-id = "0xae782d4950e83387913fae44fc807ce47c4571949e4821eb81427f38e2758a9a"
published-version = "1"
