# @generated by Move, please check-in and do not edit manually.

[move]
version = 3
manifest_digest = "27F5A7DE9B49326759B05CFC5D140D5F5AD260D9127B7F070BDFDD3CEBA7F4F9"
deps_digest = "3C4103934B1E040BB6B23F1D610B4EF9F2F1166A50A104EADCF77467C004C600"
dependencies = [
  { id = "Sui", name = "Sui" },
  { id = "snttoken", name = "snttoken" },
]

[[move.package]]
id = "MoveStdlib"
source = { git = "https://github.com/MystenLabs/sui.git", rev = "framework/testnet", subdir = "crates/sui-framework/packages/move-stdlib" }

[[move.package]]
id = "Sui"
source = { git = "https://github.com/MystenLabs/sui.git", rev = "framework/testnet", subdir = "crates/sui-framework/packages/sui-framework" }

dependencies = [
  { id = "MoveStdlib", name = "MoveStdlib" },
]

[[move.package]]
id = "snttoken"
source = { local = "../snttoken" }

dependencies = [
  { id = "Sui", name = "Sui" },
]

[move.toolchain-version]
compiler-version = "1.36.2"
edition = "2024.beta"
flavor = "sui"

[env]

[env.test]
chain-id = "4c78adac"
original-published-id = "0xe9f26781a229b4e618f5bb8d2ee11ede1db5ea0f1aeb5240669de2cd59cb5add"
latest-published-id = "0xe9f26781a229b4e618f5bb8d2ee11ede1db5ea0f1aeb5240669de2cd59cb5add"
published-version = "1"
